
Microsoft Visual Studio Solution File, Format Version 12.00
# Visual Studio Version 16
VisualStudioVersion = 16.0.30330.147
MinimumVisualStudioVersion = 10.0.40219.1
Project("{FAE04EC0-301F-11D3-BF4B-00C04F79EFBC}") = "AsignacionI", "AsignacionI.csproj", "{9D687061-4C97-46BE-BF57-E7F0DF70EF30}"
EndProject
Project("{2150E333-8FDC-42A3-9474-1A3956D46DE8}") = "Solution Items", "Solution Items", "{834353D3-0BD6-43B7-B945-001469CD5970}"
	ProjectSection(SolutionItems) = preProject
		Producto.cs = Producto.cs
	EndProjectSection
EndProject
Global
	GlobalSection(SolutionConfigurationPlatforms) = preSolution
		Debug|Any CPU = Debug|Any CPU
		Release|Any CPU = Release|Any CPU
	EndGlobalSection
	GlobalSection(ProjectConfigurationPlatforms) = postSolution
		{9D687061-4C97-46BE-BF57-E7F0DF70EF30}.Debug|Any CPU.ActiveCfg = Debug|Any CPU
		{9D687061-4C97-46BE-BF57-E7F0DF70EF30}.Debug|Any CPU.Build.0 = Debug|Any CPU
		{9D687061-4C97-46BE-BF57-E7F0DF70EF30}.Release|Any CPU.ActiveCfg = Release|Any CPU
		{9D687061-4C97-46BE-BF57-E7F0DF70EF30}.Release|Any CPU.Build.0 = Release|Any CPU
	EndGlobalSection
	GlobalSection(SolutionProperties) = preSolution
		HideSolutionNode = FALSE
	EndGlobalSection
	GlobalSection(ExtensibilityGlobals) = postSolution
		SolutionGuid = {A91436E3-95EE-47BE-B6E2-1029ED5BC534}
	EndGlobalSection
EndGlobal
